
Microsoft Visual Studio Solution File, Format Version 12.00
# Visual Studio Version 16
VisualStudioVersion = 16.0.30204.135
MinimumVisualStudioVersion = 10.0.40219.1
Project("{8BC9CEB8-8B4A-11D0-8D11-00A0C91BC942}") = "String", "String\String.vcxproj", "{29B121E4-293B-4C3C-96EA-C57887C2FE49}"
EndProject
Global
	GlobalSection(SolutionConfigurationPlatforms) = preSolution
		Debug|x64 = Debug|x64
		Debug|x86 = Debug|x86
		Release|x64 = Release|x64
		Release|x86 = Release|x86
	EndGlobalSection
	GlobalSection(ProjectConfigurationPlatforms) = postSolution
		{29B121E4-293B-4C3C-96EA-C57887C2FE49}.Debug|x64.ActiveCfg = Debug|x64
		{29B121E4-293B-4C3C-96EA-C57887C2FE49}.Debug|x64.Build.0 = Debug|x64
		{29B121E4-293B-4C3C-96EA-C57887C2FE49}.Debug|x86.ActiveCfg = Debug|Win32
		{29B121E4-293B-4C3C-96EA-C57887C2FE49}.Debug|x86.Build.0 = Debug|Win32
		{29B121E4-293B-4C3C-96EA-C57887C2FE49}.Release|x64.ActiveCfg = Release|x64
		{29B121E4-293B-4C3C-96EA-C57887C2FE49}.Release|x64.Build.0 = Release|x64
		{29B121E4-293B-4C3C-96EA-C57887C2FE49}.Release|x86.ActiveCfg = Release|Win32
		{29B121E4-293B-4C3C-96EA-C57887C2FE49}.Release|x86.Build.0 = Release|Win32
	EndGlobalSection
	GlobalSection(SolutionProperties) = preSolution
		HideSolutionNode = FALSE
	EndGlobalSection
	GlobalSection(ExtensibilityGlobals) = postSolution
		SolutionGuid = {688FA2D2-BABD-4EFE-8C62-039ED4CCEF20}
	EndGlobalSection
EndGlobal
